// !$*UTF8*$!
{
	archiveVersion = 1;
	classes = {
	};
	objectVersion = 50;
	objects = {

/* Begin PBXBuildFile section */
		D447E79E2117A2B600F61C1A /* AppDelegate.swift in Sources */ = {isa = PBXBuildFile; fileRef = D447E79D2117A2B600F61C1A /* AppDelegate.swift */; };
		D447E7A02117A2B600F61C1A /* ViewController.swift in Sources */ = {isa = PBXBuildFile; fileRef = D447E79F2117A2B600F61C1A /* ViewController.swift */; };
		D447E7A32117A2B600F61C1A /* Main.storyboard in Resources */ = {isa = PBXBuildFile; fileRef = D447E7A12117A2B600F61C1A /* Main.storyboard */; };
		D447E7A52117A2B900F61C1A /* Assets.xcassets in Resources */ = {isa = PBXBuildFile; fileRef = D447E7A42117A2B900F61C1A /* Assets.xcassets */; };
		D447E7A82117A2B900F61C1A /* LaunchScreen.storyboard in Resources */ = {isa = PBXBuildFile; fileRef = D447E7A62117A2B900F61C1A /* LaunchScreen.storyboard */; };
		D447E7BD2117A36300F61C1A /* ActionExtensionTarget.appex in Embed App Extensions */ = {isa = PBXBuildFile; fileRef = D447E7B32117A36300F61C1A /* ActionExtensionTarget.appex */; settings = {ATTRIBUTES = (RemoveHeadersOnCopy, ); }; };
		D447E7C92117A39E00F61C1A /* ActionViewController.swift in Sources */ = {isa = PBXBuildFile; fileRef = D447E7C82117A39E00F61C1A /* ActionViewController.swift */; };
		D447E7CC2117A39E00F61C1A /* MainInterface.storyboard in Resources */ = {isa = PBXBuildFile; fileRef = D447E7CA2117A39E00F61C1A /* MainInterface.storyboard */; };
		D447E7D02117A39E00F61C1A /* EnlargeExtenstion.appex in Embed App Extensions */ = {isa = PBXBuildFile; fileRef = D447E7C62117A39E00F61C1A /* EnlargeExtenstion.appex */; settings = {ATTRIBUTES = (RemoveHeadersOnCopy, ); }; };
/* End PBXBuildFile section */

/* Begin PBXContainerItemProxy section */
		D447E7BB2117A36300F61C1A /* PBXContainerItemProxy */ = {
			isa = PBXContainerItemProxy;
			containerPortal = D447E7922117A2B600F61C1A /* Project object */;
			proxyType = 1;
			remoteGlobalIDString = D447E7B22117A36300F61C1A;
			remoteInfo = ActionExtensionTarget;
		};
		D447E7CE2117A39E00F61C1A /* PBXContainerItemProxy */ = {
			isa = PBXContainerItemProxy;
			containerPortal = D447E7922117A2B600F61C1A /* Project object */;
			proxyType = 1;
			remoteGlobalIDString = D447E7C52117A39E00F61C1A;
			remoteInfo = EnlargeExtenstion;
		};
/* End PBXContainerItemProxy section */

/* Begin PBXCopyFilesBuildPhase section */
		D447E7C12117A36300F61C1A /* Embed App Extensions */ = {
			isa = PBXCopyFilesBuildPhase;
			buildActionMask = 2147483647;
			dstPath = "";
			dstSubfolderSpec = 13;
			files = (
				D447E7D02117A39E00F61C1A /* EnlargeExtenstion.appex in Embed App Extensions */,
				D447E7BD2117A36300F61C1A /* ActionExtensionTarget.appex in Embed App Extensions */,
			);
			name = "Embed App Extensions";
			runOnlyForDeploymentPostprocessing = 0;
		};
/* End PBXCopyFilesBuildPhase section */

/* Begin PBXFileReference section */
		D447E79A2117A2B600F61C1A /* ActionExtension.app */ = {isa = PBXFileReference; explicitFileType = wrapper.application; includeInIndex = 0; path = ActionExtension.app; sourceTree = BUILT_PRODUCTS_DIR; };
		D447E79D2117A2B600F61C1A /* AppDelegate.swift */ = {isa = PBXFileReference; lastKnownFileType = sourcecode.swift; path = AppDelegate.swift; sourceTree = "<group>"; };
		D447E79F2117A2B600F61C1A /* ViewController.swift */ = {isa = PBXFileReference; lastKnownFileType = sourcecode.swift; path = ViewController.swift; sourceTree = "<group>"; };
		D447E7A22117A2B600F61C1A /* Base */ = {isa = PBXFileReference; lastKnownFileType = file.storyboard; name = Base; path = Base.lproj/Main.storyboard; sourceTree = "<group>"; };
		D447E7A42117A2B900F61C1A /* Assets.xcassets */ = {isa = PBXFileReference; lastKnownFileType = folder.assetcatalog; path = Assets.xcassets; sourceTree = "<group>"; };
		D447E7A72117A2B900F61C1A /* Base */ = {isa = PBXFileReference; lastKnownFileType = file.storyboard; name = Base; path = Base.lproj/LaunchScreen.storyboard; sourceTree = "<group>"; };
		D447E7A92117A2B900F61C1A /* Info.plist */ = {isa = PBXFileReference; lastKnownFileType = text.plist.xml; path = Info.plist; sourceTree = "<group>"; };
		D447E7B32117A36300F61C1A /* ActionExtensionTarget.appex */ = {isa = PBXFileReference; explicitFileType = "wrapper.app-extension"; includeInIndex = 0; path = ActionExtensionTarget.appex; sourceTree = BUILT_PRODUCTS_DIR; };
		D447E7C62117A39E00F61C1A /* EnlargeExtenstion.appex */ = {isa = PBXFileReference; explicitFileType = "wrapper.app-extension"; includeInIndex = 0; path = EnlargeExtenstion.appex; sourceTree = BUILT_PRODUCTS_DIR; };
		D447E7C82117A39E00F61C1A /* ActionViewController.swift */ = {isa = PBXFileReference; lastKnownFileType = sourcecode.swift; path = ActionViewController.swift; sourceTree = "<group>"; };
		D447E7CB2117A39E00F61C1A /* Base */ = {isa = PBXFileReference; lastKnownFileType = file.storyboard; name = Base; path = Base.lproj/MainInterface.storyboard; sourceTree = "<group>"; };
		D447E7CD2117A39E00F61C1A /* Info.plist */ = {isa = PBXFileReference; lastKnownFileType = text.plist.xml; path = Info.plist; sourceTree = "<group>"; };
/* End PBXFileReference section */

/* Begin PBXFrameworksBuildPhase section */
		D447E7972117A2B600F61C1A /* Frameworks */ = {
			isa = PBXFrameworksBuildPhase;
			buildActionMask = 2147483647;
			files = (
			);
			runOnlyForDeploymentPostprocessing = 0;
		};
		D447E7B02117A36300F61C1A /* Frameworks */ = {
			isa = PBXFrameworksBuildPhase;
			buildActionMask = 2147483647;
			files = (
			);
			runOnlyForDeploymentPostprocessing = 0;
		};
		D447E7C32117A39E00F61C1A /* Frameworks */ = {
			isa = PBXFrameworksBuildPhase;
			buildActionMask = 2147483647;
			files = (
			);
			runOnlyForDeploymentPostprocessing = 0;
		};
/* End PBXFrameworksBuildPhase section */

/* Begin PBXGroup section */
		D447E7912117A2B600F61C1A = {
			isa = PBXGroup;
			children = (
				D447E79C2117A2B600F61C1A /* ActionExtension */,
				D447E7C72117A39E00F61C1A /* EnlargeExtenstion */,
				D447E79B2117A2B600F61C1A /* Products */,
			);
			sourceTree = "<group>";
		};
		D447E79B2117A2B600F61C1A /* Products */ = {
			isa = PBXGroup;
			children = (
				D447E79A2117A2B600F61C1A /* ActionExtension.app */,
				D447E7B32117A36300F61C1A /* ActionExtensionTarget.appex */,
				D447E7C62117A39E00F61C1A /* EnlargeExtenstion.appex */,
			);
			name = Products;
			sourceTree = "<group>";
		};
		D447E79C2117A2B600F61C1A /* ActionExtension */ = {
			isa = PBXGroup;
			children = (
				D447E79D2117A2B600F61C1A /* AppDelegate.swift */,
				D447E79F2117A2B600F61C1A /* ViewController.swift */,
				D447E7A12117A2B600F61C1A /* Main.storyboard */,
				D447E7A42117A2B900F61C1A /* Assets.xcassets */,
				D447E7A62117A2B900F61C1A /* LaunchScreen.storyboard */,
				D447E7A92117A2B900F61C1A /* Info.plist */,
			);
			path = ActionExtension;
			sourceTree = "<group>";
		};
		D447E7C72117A39E00F61C1A /* EnlargeExtenstion */ = {
			isa = PBXGroup;
			children = (
				D447E7C82117A39E00F61C1A /* ActionViewController.swift */,
				D447E7CA2117A39E00F61C1A /* MainInterface.storyboard */,
				D447E7CD2117A39E00F61C1A /* Info.plist */,
			);
			path = EnlargeExtenstion;
			sourceTree = "<group>";
		};
/* End PBXGroup section */

/* Begin PBXNativeTarget section */
		D447E7992117A2B600F61C1A /* ActionExtension */ = {
			isa = PBXNativeTarget;
			buildConfigurationList = D447E7AC2117A2B900F61C1A /* Build configuration list for PBXNativeTarget "ActionExtension" */;
			buildPhases = (
				D447E7962117A2B600F61C1A /* Sources */,
				D447E7972117A2B600F61C1A /* Frameworks */,
				D447E7982117A2B600F61C1A /* Resources */,
				D447E7C12117A36300F61C1A /* Embed App Extensions */,
			);
			buildRules = (
			);
			dependencies = (
				D447E7BC2117A36300F61C1A /* PBXTargetDependency */,
				D447E7CF2117A39E00F61C1A /* PBXTargetDependency */,
			);
			name = ActionExtension;
			productName = ActionExtension;
			productReference = D447E79A2117A2B600F61C1A /* ActionExtension.app */;
			productType = "com.apple.product-type.application";
		};
		D447E7B22117A36300F61C1A /* ActionExtensionTarget */ = {
			isa = PBXNativeTarget;
			buildConfigurationList = D447E7BE2117A36300F61C1A /* Build configuration list for PBXNativeTarget "ActionExtensionTarget" */;
			buildPhases = (
				D447E7AF2117A36300F61C1A /* Sources */,
				D447E7B02117A36300F61C1A /* Frameworks */,
				D447E7B12117A36300F61C1A /* Resources */,
			);
			buildRules = (
			);
			dependencies = (
			);
			name = ActionExtensionTarget;
			productName = ActionExtensionTarget;
			productReference = D447E7B32117A36300F61C1A /* ActionExtensionTarget.appex */;
			productType = "com.apple.product-type.app-extension";
		};
		D447E7C52117A39E00F61C1A /* EnlargeExtenstion */ = {
			isa = PBXNativeTarget;
			buildConfigurationList = D447E7D12117A39E00F61C1A /* Build configuration list for PBXNativeTarget "EnlargeExtenstion" */;
			buildPhases = (
				D447E7C22117A39E00F61C1A /* Sources */,
				D447E7C32117A39E00F61C1A /* Frameworks */,
				D447E7C42117A39E00F61C1A /* Resources */,
			);
			buildRules = (
			);
			dependencies = (
			);
			name = EnlargeExtenstion;
			productName = EnlargeExtenstion;
			productReference = D447E7C62117A39E00F61C1A /* EnlargeExtenstion.appex */;
			productType = "com.apple.product-type.app-extension";
		};
/* End PBXNativeTarget section */

/* Begin PBXProject section */
		D447E7922117A2B600F61C1A /* Project object */ = {
			isa = PBXProject;
			attributes = {
				LastSwiftUpdateCheck = 0940;
				LastUpgradeCheck = 0940;
				ORGANIZATIONNAME = "Mohamed Sobhi Fouda";
				TargetAttributes = {
					D447E7992117A2B600F61C1A = {
						CreatedOnToolsVersion = 9.4.1;
					};
					D447E7B22117A36300F61C1A = {
						CreatedOnToolsVersion = 9.4.1;
					};
					D447E7C52117A39E00F61C1A = {
						CreatedOnToolsVersion = 9.4.1;
					};
				};
			};
			buildConfigurationList = D447E7952117A2B600F61C1A /* Build configuration list for PBXProject "ActionExtension" */;
			compatibilityVersion = "Xcode 9.3";
			developmentRegion = en;
			hasScannedForEncodings = 0;
			knownRegions = (
				en,
				Base,
			);
			mainGroup = D447E7912117A2B600F61C1A;
			productRefGroup = D447E79B2117A2B600F61C1A /* Products */;
			projectDirPath = "";
			projectRoot = "";
			targets = (
				D447E7992117A2B600F61C1A /* ActionExtension */,
				D447E7B22117A36300F61C1A /* ActionExtensionTarget */,
				D447E7C52117A39E00F61C1A /* EnlargeExtenstion */,
			);
		};
/* End PBXProject section */

/* Begin PBXResourcesBuildPhase section */
		D447E7982117A2B600F61C1A /* Resources */ = {
			isa = PBXResourcesBuildPhase;
			buildActionMask = 2147483647;
			files = (
				D447E7A82117A2B900F61C1A /* LaunchScreen.storyboard in Resources */,
				D447E7A52117A2B900F61C1A /* Assets.xcassets in Resources */,
				D447E7A32117A2B600F61C1A /* Main.storyboard in Resources */,
			);
			runOnlyForDeploymentPostprocessing = 0;
		};
		D447E7B12117A36300F61C1A /* Resources */ = {
			isa = PBXResourcesBuildPhase;
			buildActionMask = 2147483647;
			files = (
			);
			runOnlyForDeploymentPostprocessing = 0;
		};
		D447E7C42117A39E00F61C1A /* Resources */ = {
			isa = PBXResourcesBuildPhase;
			buildActionMask = 2147483647;
			files = (
				D447E7CC2117A39E00F61C1A /* MainInterface.storyboard in Resources */,
			);
			runOnlyForDeploymentPostprocessing = 0;
		};
/* End PBXResourcesBuildPhase section */

/* Begin PBXSourcesBuildPhase section */
		D447E7962117A2B600F61C1A /* Sources */ = {
			isa = PBXSourcesBuildPhase;
			buildActionMask = 2147483647;
			files = (
				D447E7A02117A2B600F61C1A /* ViewController.swift in Sources */,
				D447E79E2117A2B600F61C1A /* AppDelegate.swift in Sources */,
			);
			runOnlyForDeploymentPostprocessing = 0;
		};
		D447E7AF2117A36300F61C1A /* Sources */ = {
			isa = PBXSourcesBuildPhase;
			buildActionMask = 2147483647;
			files = (
			);
			runOnlyForDeploymentPostprocessing = 0;
		};
		D447E7C22117A39E00F61C1A /* Sources */ = {
			isa = PBXSourcesBuildPhase;
			buildActionMask = 2147483647;
			files = (
				D447E7C92117A39E00F61C1A /* ActionViewController.swift in Sources */,
			);
			runOnlyForDeploymentPostprocessing = 0;
		};
/* End PBXSourcesBuildPhase section */

/* Begin PBXTargetDependency section */
		D447E7BC2117A36300F61C1A /* PBXTargetDependency */ = {
			isa = PBXTargetDependency;
			target = D447E7B22117A36300F61C1A /* ActionExtensionTarget */;
			targetProxy = D447E7BB2117A36300F61C1A /* PBXContainerItemProxy */;
		};
		D447E7CF2117A39E00F61C1A /* PBXTargetDependency */ = {
			isa = PBXTargetDependency;
			target = D447E7C52117A39E00F61C1A /* EnlargeExtenstion */;
			targetProxy = D447E7CE2117A39E00F61C1A /* PBXContainerItemProxy */;
		};
/* End PBXTargetDependency section */

/* Begin PBXVariantGroup section */
		D447E7A12117A2B600F61C1A /* Main.storyboard */ = {
			isa = PBXVariantGroup;
			children = (
				D447E7A22117A2B600F61C1A /* Base */,
			);
			name = Main.storyboard;
			sourceTree = "<group>";
		};
		D447E7A62117A2B900F61C1A /* LaunchScreen.storyboard */ = {
			isa = PBXVariantGroup;
			children = (
				D447E7A72117A2B900F61C1A /* Base */,
			);
			name = LaunchScreen.storyboard;
			sourceTree = "<group>";
		};
		D447E7CA2117A39E00F61C1A /* MainInterface.storyboard */ = {
			isa = PBXVariantGroup;
			children = (
				D447E7CB2117A39E00F61C1A /* Base */,
			);
			name = MainInterface.storyboard;
			sourceTree = "<group>";
		};
/* End PBXVariantGroup section */

/* Begin XCBuildConfiguration section */
		D447E7AA2117A2B900F61C1A /* Debug */ = {
			isa = XCBuildConfiguration;
			buildSettings = {
				ALWAYS_SEARCH_USER_PATHS = NO;
				CLANG_ANALYZER_NONNULL = YES;
				CLANG_ANALYZER_NUMBER_OBJECT_CONVERSION = YES_AGGRESSIVE;
				CLANG_CXX_LANGUAGE_STANDARD = "gnu++14";
				CLANG_CXX_LIBRARY = "libc++";
				CLANG_ENABLE_MODULES = YES;
				CLANG_ENABLE_OBJC_ARC = YES;
				CLANG_ENABLE_OBJC_WEAK = YES;
				CLANG_WARN_BLOCK_CAPTURE_AUTORELEASING = YES;
				CLANG_WARN_BOOL_CONVERSION = YES;
				CLANG_WARN_COMMA = YES;
				CLANG_WARN_CONSTANT_CONVERSION = YES;
				CLANG_WARN_DEPRECATED_OBJC_IMPLEMENTATIONS = YES;
				CLANG_WARN_DIRECT_OBJC_ISA_USAGE = YES_ERROR;
				CLANG_WARN_DOCUMENTATION_COMMENTS = YES;
				CLANG_WARN_EMPTY_BODY = YES;
				CLANG_WARN_ENUM_CONVERSION = YES;
				CLANG_WARN_INFINITE_RECURSION = YES;
				CLANG_WARN_INT_CONVERSION = YES;
				CLANG_WARN_NON_LITERAL_NULL_CONVERSION = YES;
				CLANG_WARN_OBJC_IMPLICIT_RETAIN_SELF = YES;
				CLANG_WARN_OBJC_LITERAL_CONVERSION = YES;
				CLANG_WARN_OBJC_ROOT_CLASS = YES_ERROR;
				CLANG_WARN_RANGE_LOOP_ANALYSIS = YES;
				CLANG_WARN_STRICT_PROTOTYPES = YES;
				CLANG_WARN_SUSPICIOUS_MOVE = YES;
				CLANG_WARN_UNGUARDED_AVAILABILITY = YES_AGGRESSIVE;
				CLANG_WARN_UNREACHABLE_CODE = YES;
				CLANG_WARN__DUPLICATE_METHOD_MATCH = YES;
				CODE_SIGN_IDENTITY = "iPhone Developer";
				COPY_PHASE_STRIP = NO;
				DEBUG_INFORMATION_FORMAT = dwarf;
				ENABLE_STRICT_OBJC_MSGSEND = YES;
				ENABLE_TESTABILITY = YES;
				GCC_C_LANGUAGE_STANDARD = gnu11;
				GCC_DYNAMIC_NO_PIC = NO;
				GCC_NO_COMMON_BLOCKS = YES;
				GCC_OPTIMIZATION_LEVEL = 0;
				GCC_PREPROCESSOR_DEFINITIONS = (
					"DEBUG=1",
					"$(inherited)",
				);
				GCC_WARN_64_TO_32_BIT_CONVERSION = YES;
				GCC_WARN_ABOUT_RETURN_TYPE = YES_ERROR;
				GCC_WARN_UNDECLARED_SELECTOR = YES;
				GCC_WARN_UNINITIALIZED_AUTOS = YES_AGGRESSIVE;
				GCC_WARN_UNUSED_FUNCTION = YES;
				GCC_WARN_UNUSED_VARIABLE = YES;
				IPHONEOS_DEPLOYMENT_TARGET = 11.4;
				MTL_ENABLE_DEBUG_INFO = YES;
				ONLY_ACTIVE_ARCH = YES;
				SDKROOT = iphoneos;
				SWIFT_ACTIVE_COMPILATION_CONDITIONS = DEBUG;
				SWIFT_OPTIMIZATION_LEVEL = "-Onone";
			};
			name = Debug;
		};
		D447E7AB2117A2B900F61C1A /* Release */ = {
			isa = XCBuildConfiguration;
			buildSettings = {
				ALWAYS_SEARCH_USER_PATHS = NO;
				CLANG_ANALYZER_NONNULL = YES;
				CLANG_ANALYZER_NUMBER_OBJECT_CONVERSION = YES_AGGRESSIVE;
				CLANG_CXX_LANGUAGE_STANDARD = "gnu++14";
				CLANG_CXX_LIBRARY = "libc++";
				CLANG_ENABLE_MODULES = YES;
				CLANG_ENABLE_OBJC_ARC = YES;
				CLANG_ENABLE_OBJC_WEAK = YES;
				CLANG_WARN_BLOCK_CAPTURE_AUTORELEASING = YES;
				CLANG_WARN_BOOL_CONVERSION = YES;
				CLANG_WARN_COMMA = YES;
				CLANG_WARN_CONSTANT_CONVERSION = YES;
				CLANG_WARN_DEPRECATED_OBJC_IMPLEMENTATIONS = YES;
				CLANG_WARN_DIRECT_OBJC_ISA_USAGE = YES_ERROR;
				CLANG_WARN_DOCUMENTATION_COMMENTS = YES;
				CLANG_WARN_EMPTY_BODY = YES;
				CLANG_WARN_ENUM_CONVERSION = YES;
				CLANG_WARN_INFINITE_RECURSION = YES;
				CLANG_WARN_INT_CONVERSION = YES;
				CLANG_WARN_NON_LITERAL_NULL_CONVERSION = YES;
				CLANG_WARN_OBJC_IMPLICIT_RETAIN_SELF = YES;
				CLANG_WARN_OBJC_LITERAL_CONVERSION = YES;
				CLANG_WARN_OBJC_ROOT_CLASS = YES_ERROR;
				CLANG_WARN_RANGE_LOOP_ANALYSIS = YES;
				CLANG_WARN_STRICT_PROTOTYPES = YES;
				CLANG_WARN_SUSPICIOUS_MOVE = YES;
				CLANG_WARN_UNGUARDED_AVAILABILITY = YES_AGGRESSIVE;
				CLANG_WARN_UNREACHABLE_CODE = YES;
				CLANG_WARN__DUPLICATE_METHOD_MATCH = YES;
				CODE_SIGN_IDENTITY = "iPhone Developer";
				COPY_PHASE_STRIP = NO;
				DEBUG_INFORMATION_FORMAT = "dwarf-with-dsym";
				ENABLE_NS_ASSERTIONS = NO;
				ENABLE_STRICT_OBJC_MSGSEND = YES;
				GCC_C_LANGUAGE_STANDARD = gnu11;
				GCC_NO_COMMON_BLOCKS = YES;
				GCC_WARN_64_TO_32_BIT_CONVERSION = YES;
				GCC_WARN_ABOUT_RETURN_TYPE = YES_ERROR;
				GCC_WARN_UNDECLARED_SELECTOR = YES;
				GCC_WARN_UNINITIALIZED_AUTOS = YES_AGGRESSIVE;
				GCC_WARN_UNUSED_FUNCTION = YES;
				GCC_WARN_UNUSED_VARIABLE = YES;
				IPHONEOS_DEPLOYMENT_TARGET = 11.4;
				MTL_ENABLE_DEBUG_INFO = NO;
				SDKROOT = iphoneos;
				SWIFT_COMPILATION_MODE = wholemodule;
				SWIFT_OPTIMIZATION_LEVEL = "-O";
				VALIDATE_PRODUCT = YES;
			};
			name = Release;
		};
		D447E7AD2117A2B900F61C1A /* Debug */ = {
			isa = XCBuildConfiguration;
			buildSettings = {
				ALWAYS_EMBED_SWIFT_STANDARD_LIBRARIES = YES;
				ASSETCATALOG_COMPILER_APPICON_NAME = AppIcon;
				CODE_SIGN_STYLE = Automatic;
				DEVELOPMENT_TEAM = NB6843XNJU;
				INFOPLIST_FILE = ActionExtension/Info.plist;
				LD_RUNPATH_SEARCH_PATHS = (
					"$(inherited)",
					"@executable_path/Frameworks",
				);
				PRODUCT_BUNDLE_IDENTIFIER = mrsobhi.ActionExtension;
				PRODUCT_NAME = "$(TARGET_NAME)";
				SWIFT_VERSION = 4.0;
				TARGETED_DEVICE_FAMILY = "1,2";
			};
			name = Debug;
		};
		D447E7AE2117A2B900F61C1A /* Release */ = {
			isa = XCBuildConfiguration;
			buildSettings = {
				ALWAYS_EMBED_SWIFT_STANDARD_LIBRARIES = YES;
				ASSETCATALOG_COMPILER_APPICON_NAME = AppIcon;
				CODE_SIGN_STYLE = Automatic;
				DEVELOPMENT_TEAM = NB6843XNJU;
				INFOPLIST_FILE = ActionExtension/Info.plist;
				LD_RUNPATH_SEARCH_PATHS = (
					"$(inherited)",
					"@executable_path/Frameworks",
				);
				PRODUCT_BUNDLE_IDENTIFIER = mrsobhi.ActionExtension;
				PRODUCT_NAME = "$(TARGET_NAME)";
				SWIFT_VERSION = 4.0;
				TARGETED_DEVICE_FAMILY = "1,2";
			};
			name = Release;
		};
		D447E7BF2117A36300F61C1A /* Debug */ = {
			isa = XCBuildConfiguration;
			buildSettings = {
				CODE_SIGN_STYLE = Automatic;
				DEVELOPMENT_TEAM = NB6843XNJU;
				INFOPLIST_FILE = ActionExtensionTarget/Info.plist;
				LD_RUNPATH_SEARCH_PATHS = (
					"$(inherited)",
					"@executable_path/Frameworks",
					"@executable_path/../../Frameworks",
				);
				PRODUCT_BUNDLE_IDENTIFIER = mrsobhi.ActionExtension.ActionExtensionTarget;
				PRODUCT_NAME = "$(TARGET_NAME)";
				SKIP_INSTALL = YES;
				SWIFT_VERSION = 4.0;
				TARGETED_DEVICE_FAMILY = "1,2";
			};
			name = Debug;
		};
		D447E7C02117A36300F61C1A /* Release */ = {
			isa = XCBuildConfiguration;
			buildSettings = {
				CODE_SIGN_STYLE = Automatic;
				DEVELOPMENT_TEAM = NB6843XNJU;
				INFOPLIST_FILE = ActionExtensionTarget/Info.plist;
				LD_RUNPATH_SEARCH_PATHS = (
					"$(inherited)",
					"@executable_path/Frameworks",
					"@executable_path/../../Frameworks",
				);
				PRODUCT_BUNDLE_IDENTIFIER = mrsobhi.ActionExtension.ActionExtensionTarget;
				PRODUCT_NAME = "$(TARGET_NAME)";
				SKIP_INSTALL = YES;
				SWIFT_VERSION = 4.0;
				TARGETED_DEVICE_FAMILY = "1,2";
			};
			name = Release;
		};
		D447E7D22117A39E00F61C1A /* Debug */ = {
			isa = XCBuildConfiguration;
			buildSettings = {
				CODE_SIGN_STYLE = Automatic;
				DEVELOPMENT_TEAM = NB6843XNJU;
				INFOPLIST_FILE = EnlargeExtenstion/Info.plist;
				LD_RUNPATH_SEARCH_PATHS = (
					"$(inherited)",
					"@executable_path/Frameworks",
					"@executable_path/../../Frameworks",
				);
				PRODUCT_BUNDLE_IDENTIFIER = mrsobhi.ActionExtension.EnlargeExtenstion;
				PRODUCT_NAME = "$(TARGET_NAME)";
				SKIP_INSTALL = YES;
				SWIFT_VERSION = 4.0;
				TARGETED_DEVICE_FAMILY = "1,2";
			};
			name = Debug;
		};
		D447E7D32117A39E00F61C1A /* Release */ = {
			isa = XCBuildConfiguration;
			buildSettings = {
				CODE_SIGN_STYLE = Automatic;
				DEVELOPMENT_TEAM = NB6843XNJU;
				INFOPLIST_FILE = EnlargeExtenstion/Info.plist;
				LD_RUNPATH_SEARCH_PATHS = (
					"$(inherited)",
					"@executable_path/Frameworks",
					"@executable_path/../../Frameworks",
				);
				PRODUCT_BUNDLE_IDENTIFIER = mrsobhi.ActionExtension.EnlargeExtenstion;
				PRODUCT_NAME = "$(TARGET_NAME)";
				SKIP_INSTALL = YES;
				SWIFT_VERSION = 4.0;
				TARGETED_DEVICE_FAMILY = "1,2";
			};
			name = Release;
		};
/* End XCBuildConfiguration section */

/* Begin XCConfigurationList section */
		D447E7952117A2B600F61C1A /* Build configuration list for PBXProject "ActionExtension" */ = {
			isa = XCConfigurationList;
			buildConfigurations = (
				D447E7AA2117A2B900F61C1A /* Debug */,
				D447E7AB2117A2B900F61C1A /* Release */,
			);
			defaultConfigurationIsVisible = 0;
			defaultConfigurationName = Release;
		};
		D447E7AC2117A2B900F61C1A /* Build configuration list for PBXNativeTarget "ActionExtension" */ = {
			isa = XCConfigurationList;
			buildConfigurations = (
				D447E7AD2117A2B900F61C1A /* Debug */,
				D447E7AE2117A2B900F61C1A /* Release */,
			);
			defaultConfigurationIsVisible = 0;
			defaultConfigurationName = Release;
		};
		D447E7BE2117A36300F61C1A /* Build configuration list for PBXNativeTarget "ActionExtensionTarget" */ = {
			isa = XCConfigurationList;
			buildConfigurations = (
				D447E7BF2117A36300F61C1A /* Debug */,
				D447E7C02117A36300F61C1A /* Release */,
			);
			defaultConfigurationIsVisible = 0;
			defaultConfigurationName = Release;
		};
		D447E7D12117A39E00F61C1A /* Build configuration list for PBXNativeTarget "EnlargeExtenstion" */ = {
			isa = XCConfigurationList;
			buildConfigurations = (
				D447E7D22117A39E00F61C1A /* Debug */,
				D447E7D32117A39E00F61C1A /* Release */,
			);
			defaultConfigurationIsVisible = 0;
			defaultConfigurationName = Release;
		};
/* End XCConfigurationList section */
	};
	rootObject = D447E7922117A2B600F61C1A /* Project object */;
}
